
Microsoft Visual Studio Solution File, Format Version 12.00
# Visual Studio Version 17
VisualStudioVersion = 17.14.36429.23 d17.14
MinimumVisualStudioVersion = 10.0.40219.1
Project("{FAE04EC0-301F-11D3-BF4B-00C04F79EFBC}") = "Assessment2", "Assessment2.csproj", "{CCC75E2D-E50C-441E-BB0E-B0EC5F3393EC}"
EndProject
Global
	GlobalSection(SolutionConfigurationPlatforms) = preSolution
		Debug|Any CPU = Debug|Any CPU
		Release|Any CPU = Release|Any CPU
	EndGlobalSection
	GlobalSection(ProjectConfigurationPlatforms) = postSolution
		{CCC75E2D-E50C-441E-BB0E-B0EC5F3393EC}.Debug|Any CPU.ActiveCfg = Debug|Any CPU
		{CCC75E2D-E50C-441E-BB0E-B0EC5F3393EC}.Debug|Any CPU.Build.0 = Debug|Any CPU
		{CCC75E2D-E50C-441E-BB0E-B0EC5F3393EC}.Release|Any CPU.ActiveCfg = Release|Any CPU
		{CCC75E2D-E50C-441E-BB0E-B0EC5F3393EC}.Release|Any CPU.Build.0 = Release|Any CPU
	EndGlobalSection
	GlobalSection(SolutionProperties) = preSolution
		HideSolutionNode = FALSE
	EndGlobalSection
	GlobalSection(ExtensibilityGlobals) = postSolution
		SolutionGuid = {7A624968-F1DC-46B8-9B76-49FD624C1FCE}
	EndGlobalSection
EndGlobal
